
Microsoft Visual Studio Solution File, Format Version 12.00
# Visual Studio Version 17
VisualStudioVersion = 17.2.32630.192
MinimumVisualStudioVersion = 10.0.40219.1
Project("{FAE04EC0-301F-11D3-BF4B-00C04F79EFBC}") = "PostgresCommands", "PostgresCommands\PostgresCommands.csproj", "{E6A620F2-8F15-41C3-80F2-039EECBE88D4}"
EndProject
Global
	GlobalSection(SolutionConfigurationPlatforms) = preSolution
		Debug|Any CPU = Debug|Any CPU
		Release|Any CPU = Release|Any CPU
	EndGlobalSection
	GlobalSection(ProjectConfigurationPlatforms) = postSolution
		{E6A620F2-8F15-41C3-80F2-039EECBE88D4}.Debug|Any CPU.ActiveCfg = Debug|Any CPU
		{E6A620F2-8F15-41C3-80F2-039EECBE88D4}.Debug|Any CPU.Build.0 = Debug|Any CPU
		{E6A620F2-8F15-41C3-80F2-039EECBE88D4}.Release|Any CPU.ActiveCfg = Release|Any CPU
		{E6A620F2-8F15-41C3-80F2-039EECBE88D4}.Release|Any CPU.Build.0 = Release|Any CPU
	EndGlobalSection
	GlobalSection(SolutionProperties) = preSolution
		HideSolutionNode = FALSE
	EndGlobalSection
	GlobalSection(ExtensibilityGlobals) = postSolution
		SolutionGuid = {747735A7-3CB1-4FF4-A93E-13026F306204}
	EndGlobalSection
EndGlobal
