
Microsoft Visual Studio Solution File, Format Version 12.00
# Visual Studio Version 17
VisualStudioVersion = 17.2.32630.192
MinimumVisualStudioVersion = 10.0.40219.1
Project("{9A19103F-16F7-4668-BE54-9A1E7A4F7556}") = "AimPoint", "AimPoint\AimPoint.csproj", "{D058DDFA-FA8A-485B-8517-91B7B7A0E382}"
EndProject
Project("{9A19103F-16F7-4668-BE54-9A1E7A4F7556}") = "PostgresCommands", "PostgresCommands\PostgresCommands.csproj", "{C9141BA6-4D98-4475-8E28-3D34D55757DA}"
EndProject
Global
	GlobalSection(SolutionConfigurationPlatforms) = preSolution
		Debug|Any CPU = Debug|Any CPU
		Release|Any CPU = Release|Any CPU
	EndGlobalSection
	GlobalSection(ProjectConfigurationPlatforms) = postSolution
		{D058DDFA-FA8A-485B-8517-91B7B7A0E382}.Debug|Any CPU.ActiveCfg = Debug|Any CPU
		{D058DDFA-FA8A-485B-8517-91B7B7A0E382}.Debug|Any CPU.Build.0 = Debug|Any CPU
		{D058DDFA-FA8A-485B-8517-91B7B7A0E382}.Release|Any CPU.ActiveCfg = Release|Any CPU
		{D058DDFA-FA8A-485B-8517-91B7B7A0E382}.Release|Any CPU.Build.0 = Release|Any CPU
		{C9141BA6-4D98-4475-8E28-3D34D55757DA}.Debug|Any CPU.ActiveCfg = Debug|Any CPU
		{C9141BA6-4D98-4475-8E28-3D34D55757DA}.Debug|Any CPU.Build.0 = Debug|Any CPU
		{C9141BA6-4D98-4475-8E28-3D34D55757DA}.Release|Any CPU.ActiveCfg = Release|Any CPU
		{C9141BA6-4D98-4475-8E28-3D34D55757DA}.Release|Any CPU.Build.0 = Release|Any CPU
	EndGlobalSection
	GlobalSection(SolutionProperties) = preSolution
		HideSolutionNode = FALSE
	EndGlobalSection
	GlobalSection(ExtensibilityGlobals) = postSolution
		SolutionGuid = {A66B94C8-918F-42BD-8087-79167F578332}
	EndGlobalSection
EndGlobal
